// !$*UTF8*$!
{
	archiveVersion = 1;
	classes = {
	};
	objectVersion = 56;
	objects = {

/* Begin PBXBuildFile section */
		05BD82AD2C922840003C7D04 /* MomentiveApp.swift in Sources */ = {isa = PBXBuildFile; fileRef = 05BD82AC2C922840003C7D04 /* MomentiveApp.swift */; };
		05BD82AF2C922840003C7D04 /* ContentView.swift in Sources */ = {isa = PBXBuildFile; fileRef = 05BD82AE2C922840003C7D04 /* ContentView.swift */; };
		05BD82B12C922841003C7D04 /* Assets.xcassets in Resources */ = {isa = PBXBuildFile; fileRef = 05BD82B02C922841003C7D04 /* Assets.xcassets */; };
		05BD82B42C922841003C7D04 /* Preview Assets.xcassets in Resources */ = {isa = PBXBuildFile; fileRef = 05BD82B32C922841003C7D04 /* Preview Assets.xcassets */; };
		05BD82B62C922841003C7D04 /* Persistence.swift in Sources */ = {isa = PBXBuildFile; fileRef = 05BD82B52C922841003C7D04 /* Persistence.swift */; };
		05BD82B92C922841003C7D04 /* Momentive.xcdatamodeld in Sources */ = {isa = PBXBuildFile; fileRef = 05BD82B72C922841003C7D04 /* Momentive.xcdatamodeld */; };
		05BD82D22C922B17003C7D04 /* Montserrat-Thin.ttf in Resources */ = {isa = PBXBuildFile; fileRef = 05BD82C02C922B16003C7D04 /* Montserrat-Thin.ttf */; };
		05BD82D32C922B17003C7D04 /* Montserrat-Medium.ttf in Resources */ = {isa = PBXBuildFile; fileRef = 05BD82C12C922B17003C7D04 /* Montserrat-Medium.ttf */; };
		05BD82D42C922B17003C7D04 /* Montserrat-LightItalic.ttf in Resources */ = {isa = PBXBuildFile; fileRef = 05BD82C22C922B17003C7D04 /* Montserrat-LightItalic.ttf */; };
		05BD82D52C922B17003C7D04 /* Montserrat-Black.ttf in Resources */ = {isa = PBXBuildFile; fileRef = 05BD82C32C922B17003C7D04 /* Montserrat-Black.ttf */; };
		05BD82D62C922B17003C7D04 /* Montserrat-Bold.ttf in Resources */ = {isa = PBXBuildFile; fileRef = 05BD82C42C922B17003C7D04 /* Montserrat-Bold.ttf */; };
		05BD82D72C922B17003C7D04 /* Montserrat-ExtraLight.ttf in Resources */ = {isa = PBXBuildFile; fileRef = 05BD82C52C922B17003C7D04 /* Montserrat-ExtraLight.ttf */; };
		05BD82D82C922B17003C7D04 /* Montserrat-SemiBoldItalic.ttf in Resources */ = {isa = PBXBuildFile; fileRef = 05BD82C62C922B17003C7D04 /* Montserrat-SemiBoldItalic.ttf */; };
		05BD82D92C922B17003C7D04 /* Montserrat-ExtraLightItalic.ttf in Resources */ = {isa = PBXBuildFile; fileRef = 05BD82C72C922B17003C7D04 /* Montserrat-ExtraLightItalic.ttf */; };
		05BD82DA2C922B17003C7D04 /* Montserrat-Regular.ttf in Resources */ = {isa = PBXBuildFile; fileRef = 05BD82C82C922B17003C7D04 /* Montserrat-Regular.ttf */; };
		05BD82DB2C922B17003C7D04 /* Montserrat-Italic.ttf in Resources */ = {isa = PBXBuildFile; fileRef = 05BD82C92C922B17003C7D04 /* Montserrat-Italic.ttf */; };
		05BD82DC2C922B17003C7D04 /* Montserrat-BlackItalic.ttf in Resources */ = {isa = PBXBuildFile; fileRef = 05BD82CA2C922B17003C7D04 /* Montserrat-BlackItalic.ttf */; };
		05BD82DD2C922B17003C7D04 /* Montserrat-ThinItalic.ttf in Resources */ = {isa = PBXBuildFile; fileRef = 05BD82CB2C922B17003C7D04 /* Montserrat-ThinItalic.ttf */; };
		05BD82DE2C922B17003C7D04 /* Montserrat-ExtraBold.ttf in Resources */ = {isa = PBXBuildFile; fileRef = 05BD82CC2C922B17003C7D04 /* Montserrat-ExtraBold.ttf */; };
		05BD82DF2C922B17003C7D04 /* Montserrat-BoldItalic.ttf in Resources */ = {isa = PBXBuildFile; fileRef = 05BD82CD2C922B17003C7D04 /* Montserrat-BoldItalic.ttf */; };
		05BD82E02C922B17003C7D04 /* Montserrat-MediumItalic.ttf in Resources */ = {isa = PBXBuildFile; fileRef = 05BD82CE2C922B17003C7D04 /* Montserrat-MediumItalic.ttf */; };
		05BD82E12C922B17003C7D04 /* Montserrat-Light.ttf in Resources */ = {isa = PBXBuildFile; fileRef = 05BD82CF2C922B17003C7D04 /* Montserrat-Light.ttf */; };
		05BD82E22C922B17003C7D04 /* Montserrat-SemiBold.ttf in Resources */ = {isa = PBXBuildFile; fileRef = 05BD82D02C922B17003C7D04 /* Montserrat-SemiBold.ttf */; };
		05BD82E32C922B17003C7D04 /* Montserrat-ExtraBoldItalic.ttf in Resources */ = {isa = PBXBuildFile; fileRef = 05BD82D12C922B17003C7D04 /* Montserrat-ExtraBoldItalic.ttf */; };
		05E7CCF92C926437004BFC37 /* Playground.swift in Sources */ = {isa = PBXBuildFile; fileRef = 05E7CCF82C926437004BFC37 /* Playground.swift */; };
		05E7CCFC2C92758F004BFC37 /* Qoutes.xcdatamodeld in Sources */ = {isa = PBXBuildFile; fileRef = 05E7CCFA2C92758F004BFC37 /* Qoutes.xcdatamodeld */; };
		05E7CD012C9283D3004BFC37 /* Input - DOB.swift in Sources */ = {isa = PBXBuildFile; fileRef = 05E7CD002C9283D3004BFC37 /* Input - DOB.swift */; };
/* End PBXBuildFile section */

/* Begin PBXFileReference section */
		05BD82A92C922840003C7D04 /* Momentive.app */ = {isa = PBXFileReference; explicitFileType = wrapper.application; includeInIndex = 0; path = Momentive.app; sourceTree = BUILT_PRODUCTS_DIR; };
		05BD82AC2C922840003C7D04 /* MomentiveApp.swift */ = {isa = PBXFileReference; lastKnownFileType = sourcecode.swift; path = MomentiveApp.swift; sourceTree = "<group>"; };
		05BD82AE2C922840003C7D04 /* ContentView.swift */ = {isa = PBXFileReference; lastKnownFileType = sourcecode.swift; path = ContentView.swift; sourceTree = "<group>"; };
		05BD82B02C922841003C7D04 /* Assets.xcassets */ = {isa = PBXFileReference; lastKnownFileType = folder.assetcatalog; path = Assets.xcassets; sourceTree = "<group>"; };
		05BD82B32C922841003C7D04 /* Preview Assets.xcassets */ = {isa = PBXFileReference; lastKnownFileType = folder.assetcatalog; path = "Preview Assets.xcassets"; sourceTree = "<group>"; };
		05BD82B52C922841003C7D04 /* Persistence.swift */ = {isa = PBXFileReference; lastKnownFileType = sourcecode.swift; path = Persistence.swift; sourceTree = "<group>"; };
		05BD82B82C922841003C7D04 /* Momentive.xcdatamodel */ = {isa = PBXFileReference; lastKnownFileType = wrapper.xcdatamodel; path = Momentive.xcdatamodel; sourceTree = "<group>"; };
		05BD82C02C922B16003C7D04 /* Montserrat-Thin.ttf */ = {isa = PBXFileReference; lastKnownFileType = file; path = "Montserrat-Thin.ttf"; sourceTree = "<group>"; };
		05BD82C12C922B17003C7D04 /* Montserrat-Medium.ttf */ = {isa = PBXFileReference; lastKnownFileType = file; path = "Montserrat-Medium.ttf"; sourceTree = "<group>"; };
		05BD82C22C922B17003C7D04 /* Montserrat-LightItalic.ttf */ = {isa = PBXFileReference; lastKnownFileType = file; path = "Montserrat-LightItalic.ttf"; sourceTree = "<group>"; };
		05BD82C32C922B17003C7D04 /* Montserrat-Black.ttf */ = {isa = PBXFileReference; lastKnownFileType = file; path = "Montserrat-Black.ttf"; sourceTree = "<group>"; };
		05BD82C42C922B17003C7D04 /* Montserrat-Bold.ttf */ = {isa = PBXFileReference; lastKnownFileType = file; path = "Montserrat-Bold.ttf"; sourceTree = "<group>"; };
		05BD82C52C922B17003C7D04 /* Montserrat-ExtraLight.ttf */ = {isa = PBXFileReference; lastKnownFileType = file; path = "Montserrat-ExtraLight.ttf"; sourceTree = "<group>"; };
		05BD82C62C922B17003C7D04 /* Montserrat-SemiBoldItalic.ttf */ = {isa = PBXFileReference; lastKnownFileType = file; path = "Montserrat-SemiBoldItalic.ttf"; sourceTree = "<group>"; };
		05BD82C72C922B17003C7D04 /* Montserrat-ExtraLightItalic.ttf */ = {isa = PBXFileReference; lastKnownFileType = file; path = "Montserrat-ExtraLightItalic.ttf"; sourceTree = "<group>"; };
		05BD82C82C922B17003C7D04 /* Montserrat-Regular.ttf */ = {isa = PBXFileReference; lastKnownFileType = file; path = "Montserrat-Regular.ttf"; sourceTree = "<group>"; };
		05BD82C92C922B17003C7D04 /* Montserrat-Italic.ttf */ = {isa = PBXFileReference; lastKnownFileType = file; path = "Montserrat-Italic.ttf"; sourceTree = "<group>"; };
		05BD82CA2C922B17003C7D04 /* Montserrat-BlackItalic.ttf */ = {isa = PBXFileReference; lastKnownFileType = file; path = "Montserrat-BlackItalic.ttf"; sourceTree = "<group>"; };
		05BD82CB2C922B17003C7D04 /* Montserrat-ThinItalic.ttf */ = {isa = PBXFileReference; lastKnownFileType = file; path = "Montserrat-ThinItalic.ttf"; sourceTree = "<group>"; };
		05BD82CC2C922B17003C7D04 /* Montserrat-ExtraBold.ttf */ = {isa = PBXFileReference; lastKnownFileType = file; path = "Montserrat-ExtraBold.ttf"; sourceTree = "<group>"; };
		05BD82CD2C922B17003C7D04 /* Montserrat-BoldItalic.ttf */ = {isa = PBXFileReference; lastKnownFileType = file; path = "Montserrat-BoldItalic.ttf"; sourceTree = "<group>"; };
		05BD82CE2C922B17003C7D04 /* Montserrat-MediumItalic.ttf */ = {isa = PBXFileReference; lastKnownFileType = file; path = "Montserrat-MediumItalic.ttf"; sourceTree = "<group>"; };
		05BD82CF2C922B17003C7D04 /* Montserrat-Light.ttf */ = {isa = PBXFileReference; lastKnownFileType = file; path = "Montserrat-Light.ttf"; sourceTree = "<group>"; };
		05BD82D02C922B17003C7D04 /* Montserrat-SemiBold.ttf */ = {isa = PBXFileReference; lastKnownFileType = file; path = "Montserrat-SemiBold.ttf"; sourceTree = "<group>"; };
		05BD82D12C922B17003C7D04 /* Montserrat-ExtraBoldItalic.ttf */ = {isa = PBXFileReference; lastKnownFileType = file; path = "Montserrat-ExtraBoldItalic.ttf"; sourceTree = "<group>"; };
		05BD82E42C922B35003C7D04 /* Info.plist */ = {isa = PBXFileReference; lastKnownFileType = text.plist; path = Info.plist; sourceTree = "<group>"; };
		05E7CCF82C926437004BFC37 /* Playground.swift */ = {isa = PBXFileReference; lastKnownFileType = sourcecode.swift; path = Playground.swift; sourceTree = "<group>"; };
		05E7CCFB2C92758F004BFC37 /* Qoutes.xcdatamodel */ = {isa = PBXFileReference; lastKnownFileType = wrapper.xcdatamodel; path = Qoutes.xcdatamodel; sourceTree = "<group>"; };
		05E7CD002C9283D3004BFC37 /* Input - DOB.swift */ = {isa = PBXFileReference; lastKnownFileType = sourcecode.swift; path = "Input - DOB.swift"; sourceTree = "<group>"; };
/* End PBXFileReference section */

/* Begin PBXFrameworksBuildPhase section */
		05BD82A62C922840003C7D04 /* Frameworks */ = {
			isa = PBXFrameworksBuildPhase;
			buildActionMask = 2147483647;
			files = (
			);
			runOnlyForDeploymentPostprocessing = 0;
		};
/* End PBXFrameworksBuildPhase section */

/* Begin PBXGroup section */
		05BD82A02C922840003C7D04 = {
			isa = PBXGroup;
			children = (
				05BD82AB2C922840003C7D04 /* Momentive */,
				05BD82AA2C922840003C7D04 /* Products */,
			);
			sourceTree = "<group>";
		};
		05BD82AA2C922840003C7D04 /* Products */ = {
			isa = PBXGroup;
			children = (
				05BD82A92C922840003C7D04 /* Momentive.app */,
			);
			name = Products;
			sourceTree = "<group>";
		};
		05BD82AB2C922840003C7D04 /* Momentive */ = {
			isa = PBXGroup;
			children = (
				05BD82E42C922B35003C7D04 /* Info.plist */,
				05BD82BF2C922AFE003C7D04 /* Fonts */,
				05E7CCFD2C9275A4004BFC37 /* Data */,
				05BD82AC2C922840003C7D04 /* MomentiveApp.swift */,
				05BD82AE2C922840003C7D04 /* ContentView.swift */,
				05E7CCF82C926437004BFC37 /* Playground.swift */,
				05E7CD002C9283D3004BFC37 /* Input - DOB.swift */,
				05BD82B02C922841003C7D04 /* Assets.xcassets */,
				05BD82B52C922841003C7D04 /* Persistence.swift */,
				05BD82B72C922841003C7D04 /* Momentive.xcdatamodeld */,
				05BD82B22C922841003C7D04 /* Preview Content */,
			);
			path = Momentive;
			sourceTree = "<group>";
		};
		05BD82B22C922841003C7D04 /* Preview Content */ = {
			isa = PBXGroup;
			children = (
				05BD82B32C922841003C7D04 /* Preview Assets.xcassets */,
			);
			path = "Preview Content";
			sourceTree = "<group>";
		};
		05BD82BF2C922AFE003C7D04 /* Fonts */ = {
			isa = PBXGroup;
			children = (
				05BD82C32C922B17003C7D04 /* Montserrat-Black.ttf */,
				05BD82CA2C922B17003C7D04 /* Montserrat-BlackItalic.ttf */,
				05BD82C42C922B17003C7D04 /* Montserrat-Bold.ttf */,
				05BD82CD2C922B17003C7D04 /* Montserrat-BoldItalic.ttf */,
				05BD82CC2C922B17003C7D04 /* Montserrat-ExtraBold.ttf */,
				05BD82D12C922B17003C7D04 /* Montserrat-ExtraBoldItalic.ttf */,
				05BD82C52C922B17003C7D04 /* Montserrat-ExtraLight.ttf */,
				05BD82C72C922B17003C7D04 /* Montserrat-ExtraLightItalic.ttf */,
				05BD82C92C922B17003C7D04 /* Montserrat-Italic.ttf */,
				05BD82CF2C922B17003C7D04 /* Montserrat-Light.ttf */,
				05BD82C22C922B17003C7D04 /* Montserrat-LightItalic.ttf */,
				05BD82C12C922B17003C7D04 /* Montserrat-Medium.ttf */,
				05BD82CE2C922B17003C7D04 /* Montserrat-MediumItalic.ttf */,
				05BD82C82C922B17003C7D04 /* Montserrat-Regular.ttf */,
				05BD82D02C922B17003C7D04 /* Montserrat-SemiBold.ttf */,
				05BD82C62C922B17003C7D04 /* Montserrat-SemiBoldItalic.ttf */,
				05BD82C02C922B16003C7D04 /* Montserrat-Thin.ttf */,
				05BD82CB2C922B17003C7D04 /* Montserrat-ThinItalic.ttf */,
			);
			path = Fonts;
			sourceTree = "<group>";
		};
		05E7CCFD2C9275A4004BFC37 /* Data */ = {
			isa = PBXGroup;
			children = (
				05E7CCFA2C92758F004BFC37 /* Qoutes.xcdatamodeld */,
			);
			path = Data;
			sourceTree = "<group>";
		};
/* End PBXGroup section */

/* Begin PBXNativeTarget section */
		05BD82A82C922840003C7D04 /* Momentive */ = {
			isa = PBXNativeTarget;
			buildConfigurationList = 05BD82BC2C922841003C7D04 /* Build configuration list for PBXNativeTarget "Momentive" */;
			buildPhases = (
				05BD82A52C922840003C7D04 /* Sources */,
				05BD82A62C922840003C7D04 /* Frameworks */,
				05BD82A72C922840003C7D04 /* Resources */,
			);
			buildRules = (
			);
			dependencies = (
			);
			name = Momentive;
			productName = Momentive;
			productReference = 05BD82A92C922840003C7D04 /* Momentive.app */;
			productType = "com.apple.product-type.application";
		};
/* End PBXNativeTarget section */

/* Begin PBXProject section */
		05BD82A12C922840003C7D04 /* Project object */ = {
			isa = PBXProject;
			attributes = {
				BuildIndependentTargetsInParallel = 1;
				LastSwiftUpdateCheck = 1540;
				LastUpgradeCheck = 1540;
				TargetAttributes = {
					05BD82A82C922840003C7D04 = {
						CreatedOnToolsVersion = 15.4;
					};
				};
			};
			buildConfigurationList = 05BD82A42C922840003C7D04 /* Build configuration list for PBXProject "Momentive" */;
			compatibilityVersion = "Xcode 14.0";
			developmentRegion = en;
			hasScannedForEncodings = 0;
			knownRegions = (
				en,
				Base,
			);
			mainGroup = 05BD82A02C922840003C7D04;
			productRefGroup = 05BD82AA2C922840003C7D04 /* Products */;
			projectDirPath = "";
			projectRoot = "";
			targets = (
				05BD82A82C922840003C7D04 /* Momentive */,
			);
		};
/* End PBXProject section */

/* Begin PBXResourcesBuildPhase section */
		05BD82A72C922840003C7D04 /* Resources */ = {
			isa = PBXResourcesBuildPhase;
			buildActionMask = 2147483647;
			files = (
				05BD82D82C922B17003C7D04 /* Montserrat-SemiBoldItalic.ttf in Resources */,
				05BD82DA2C922B17003C7D04 /* Montserrat-Regular.ttf in Resources */,
				05BD82B42C922841003C7D04 /* Preview Assets.xcassets in Resources */,
				05BD82DB2C922B17003C7D04 /* Montserrat-Italic.ttf in Resources */,
				05BD82D22C922B17003C7D04 /* Montserrat-Thin.ttf in Resources */,
				05BD82D32C922B17003C7D04 /* Montserrat-Medium.ttf in Resources */,
				05BD82D42C922B17003C7D04 /* Montserrat-LightItalic.ttf in Resources */,
				05BD82B12C922841003C7D04 /* Assets.xcassets in Resources */,
				05BD82DF2C922B17003C7D04 /* Montserrat-BoldItalic.ttf in Resources */,
				05BD82E02C922B17003C7D04 /* Montserrat-MediumItalic.ttf in Resources */,
				05BD82E22C922B17003C7D04 /* Montserrat-SemiBold.ttf in Resources */,
				05BD82DD2C922B17003C7D04 /* Montserrat-ThinItalic.ttf in Resources */,
				05BD82D72C922B17003C7D04 /* Montserrat-ExtraLight.ttf in Resources */,
				05BD82E12C922B17003C7D04 /* Montserrat-Light.ttf in Resources */,
				05BD82DE2C922B17003C7D04 /* Montserrat-ExtraBold.ttf in Resources */,
				05BD82DC2C922B17003C7D04 /* Montserrat-BlackItalic.ttf in Resources */,
				05BD82D92C922B17003C7D04 /* Montserrat-ExtraLightItalic.ttf in Resources */,
				05BD82E32C922B17003C7D04 /* Montserrat-ExtraBoldItalic.ttf in Resources */,
				05BD82D52C922B17003C7D04 /* Montserrat-Black.ttf in Resources */,
				05BD82D62C922B17003C7D04 /* Montserrat-Bold.ttf in Resources */,
			);
			runOnlyForDeploymentPostprocessing = 0;
		};
/* End PBXResourcesBuildPhase section */

/* Begin PBXSourcesBuildPhase section */
		05BD82A52C922840003C7D04 /* Sources */ = {
			isa = PBXSourcesBuildPhase;
			buildActionMask = 2147483647;
			files = (
				05E7CCFC2C92758F004BFC37 /* Qoutes.xcdatamodeld in Sources */,
				05BD82B62C922841003C7D04 /* Persistence.swift in Sources */,
				05E7CCF92C926437004BFC37 /* Playground.swift in Sources */,
				05BD82AF2C922840003C7D04 /* ContentView.swift in Sources */,
				05BD82B92C922841003C7D04 /* Momentive.xcdatamodeld in Sources */,
				05E7CD012C9283D3004BFC37 /* Input - DOB.swift in Sources */,
				05BD82AD2C922840003C7D04 /* MomentiveApp.swift in Sources */,
			);
			runOnlyForDeploymentPostprocessing = 0;
		};
/* End PBXSourcesBuildPhase section */

/* Begin XCBuildConfiguration section */
		05BD82BA2C922841003C7D04 /* Debug */ = {
			isa = XCBuildConfiguration;
			buildSettings = {
				ALWAYS_SEARCH_USER_PATHS = NO;
				ASSETCATALOG_COMPILER_GENERATE_SWIFT_ASSET_SYMBOL_EXTENSIONS = YES;
				CLANG_ANALYZER_NONNULL = YES;
				CLANG_ANALYZER_NUMBER_OBJECT_CONVERSION = YES_AGGRESSIVE;
				CLANG_CXX_LANGUAGE_STANDARD = "gnu++20";
				CLANG_ENABLE_MODULES = YES;
				CLANG_ENABLE_OBJC_ARC = YES;
				CLANG_ENABLE_OBJC_WEAK = YES;
				CLANG_WARN_BLOCK_CAPTURE_AUTORELEASING = YES;
				CLANG_WARN_BOOL_CONVERSION = YES;
				CLANG_WARN_COMMA = YES;
				CLANG_WARN_CONSTANT_CONVERSION = YES;
				CLANG_WARN_DEPRECATED_OBJC_IMPLEMENTATIONS = YES;
				CLANG_WARN_DIRECT_OBJC_ISA_USAGE = YES_ERROR;
				CLANG_WARN_DOCUMENTATION_COMMENTS = YES;
				CLANG_WARN_EMPTY_BODY = YES;
				CLANG_WARN_ENUM_CONVERSION = YES;
				CLANG_WARN_INFINITE_RECURSION = YES;
				CLANG_WARN_INT_CONVERSION = YES;
				CLANG_WARN_NON_LITERAL_NULL_CONVERSION = YES;
				CLANG_WARN_OBJC_IMPLICIT_RETAIN_SELF = YES;
				CLANG_WARN_OBJC_LITERAL_CONVERSION = YES;
				CLANG_WARN_OBJC_ROOT_CLASS = YES_ERROR;
				CLANG_WARN_QUOTED_INCLUDE_IN_FRAMEWORK_HEADER = YES;
				CLANG_WARN_RANGE_LOOP_ANALYSIS = YES;
				CLANG_WARN_STRICT_PROTOTYPES = YES;
				CLANG_WARN_SUSPICIOUS_MOVE = YES;
				CLANG_WARN_UNGUARDED_AVAILABILITY = YES_AGGRESSIVE;
				CLANG_WARN_UNREACHABLE_CODE = YES;
				CLANG_WARN__DUPLICATE_METHOD_MATCH = YES;
				COPY_PHASE_STRIP = NO;
				DEBUG_INFORMATION_FORMAT = dwarf;
				ENABLE_STRICT_OBJC_MSGSEND = YES;
				ENABLE_TESTABILITY = YES;
				ENABLE_USER_SCRIPT_SANDBOXING = YES;
				GCC_C_LANGUAGE_STANDARD = gnu17;
				GCC_DYNAMIC_NO_PIC = NO;
				GCC_NO_COMMON_BLOCKS = YES;
				GCC_OPTIMIZATION_LEVEL = 0;
				GCC_PREPROCESSOR_DEFINITIONS = (
					"DEBUG=1",
					"$(inherited)",
				);
				GCC_WARN_64_TO_32_BIT_CONVERSION = YES;
				GCC_WARN_ABOUT_RETURN_TYPE = YES_ERROR;
				GCC_WARN_UNDECLARED_SELECTOR = YES;
				GCC_WARN_UNINITIALIZED_AUTOS = YES_AGGRESSIVE;
				GCC_WARN_UNUSED_FUNCTION = YES;
				GCC_WARN_UNUSED_VARIABLE = YES;
				IPHONEOS_DEPLOYMENT_TARGET = 17.5;
				LOCALIZATION_PREFERS_STRING_CATALOGS = YES;
				MTL_ENABLE_DEBUG_INFO = INCLUDE_SOURCE;
				MTL_FAST_MATH = YES;
				ONLY_ACTIVE_ARCH = YES;
				SDKROOT = iphoneos;
				SWIFT_ACTIVE_COMPILATION_CONDITIONS = "DEBUG $(inherited)";
				SWIFT_OPTIMIZATION_LEVEL = "-Onone";
			};
			name = Debug;
		};
		05BD82BB2C922841003C7D04 /* Release */ = {
			isa = XCBuildConfiguration;
			buildSettings = {
				ALWAYS_SEARCH_USER_PATHS = NO;
				ASSETCATALOG_COMPILER_GENERATE_SWIFT_ASSET_SYMBOL_EXTENSIONS = YES;
				CLANG_ANALYZER_NONNULL = YES;
				CLANG_ANALYZER_NUMBER_OBJECT_CONVERSION = YES_AGGRESSIVE;
				CLANG_CXX_LANGUAGE_STANDARD = "gnu++20";
				CLANG_ENABLE_MODULES = YES;
				CLANG_ENABLE_OBJC_ARC = YES;
				CLANG_ENABLE_OBJC_WEAK = YES;
				CLANG_WARN_BLOCK_CAPTURE_AUTORELEASING = YES;
				CLANG_WARN_BOOL_CONVERSION = YES;
				CLANG_WARN_COMMA = YES;
				CLANG_WARN_CONSTANT_CONVERSION = YES;
				CLANG_WARN_DEPRECATED_OBJC_IMPLEMENTATIONS = YES;
				CLANG_WARN_DIRECT_OBJC_ISA_USAGE = YES_ERROR;
				CLANG_WARN_DOCUMENTATION_COMMENTS = YES;
				CLANG_WARN_EMPTY_BODY = YES;
				CLANG_WARN_ENUM_CONVERSION = YES;
				CLANG_WARN_INFINITE_RECURSION = YES;
				CLANG_WARN_INT_CONVERSION = YES;
				CLANG_WARN_NON_LITERAL_NULL_CONVERSION = YES;
				CLANG_WARN_OBJC_IMPLICIT_RETAIN_SELF = YES;
				CLANG_WARN_OBJC_LITERAL_CONVERSION = YES;
				CLANG_WARN_OBJC_ROOT_CLASS = YES_ERROR;
				CLANG_WARN_QUOTED_INCLUDE_IN_FRAMEWORK_HEADER = YES;
				CLANG_WARN_RANGE_LOOP_ANALYSIS = YES;
				CLANG_WARN_STRICT_PROTOTYPES = YES;
				CLANG_WARN_SUSPICIOUS_MOVE = YES;
				CLANG_WARN_UNGUARDED_AVAILABILITY = YES_AGGRESSIVE;
				CLANG_WARN_UNREACHABLE_CODE = YES;
				CLANG_WARN__DUPLICATE_METHOD_MATCH = YES;
				COPY_PHASE_STRIP = NO;
				DEBUG_INFORMATION_FORMAT = "dwarf-with-dsym";
				ENABLE_NS_ASSERTIONS = NO;
				ENABLE_STRICT_OBJC_MSGSEND = YES;
				ENABLE_USER_SCRIPT_SANDBOXING = YES;
				GCC_C_LANGUAGE_STANDARD = gnu17;
				GCC_NO_COMMON_BLOCKS = YES;
				GCC_WARN_64_TO_32_BIT_CONVERSION = YES;
				GCC_WARN_ABOUT_RETURN_TYPE = YES_ERROR;
				GCC_WARN_UNDECLARED_SELECTOR = YES;
				GCC_WARN_UNINITIALIZED_AUTOS = YES_AGGRESSIVE;
				GCC_WARN_UNUSED_FUNCTION = YES;
				GCC_WARN_UNUSED_VARIABLE = YES;
				IPHONEOS_DEPLOYMENT_TARGET = 17.5;
				LOCALIZATION_PREFERS_STRING_CATALOGS = YES;
				MTL_ENABLE_DEBUG_INFO = NO;
				MTL_FAST_MATH = YES;
				SDKROOT = iphoneos;
				SWIFT_COMPILATION_MODE = wholemodule;
				VALIDATE_PRODUCT = YES;
			};
			name = Release;
		};
		05BD82BD2C922841003C7D04 /* Debug */ = {
			isa = XCBuildConfiguration;
			buildSettings = {
				ASSETCATALOG_COMPILER_APPICON_NAME = AppIcon;
				ASSETCATALOG_COMPILER_GLOBAL_ACCENT_COLOR_NAME = AccentColor;
				CODE_SIGN_STYLE = Automatic;
				CURRENT_PROJECT_VERSION = 1;
				DEVELOPMENT_ASSET_PATHS = "\"Momentive/Preview Content\"";
				DEVELOPMENT_TEAM = V8X3GYRTNK;
				ENABLE_PREVIEWS = YES;
				GENERATE_INFOPLIST_FILE = YES;
				INFOPLIST_FILE = Momentive/Info.plist;
				INFOPLIST_KEY_UIApplicationSceneManifest_Generation = YES;
				INFOPLIST_KEY_UIApplicationSupportsIndirectInputEvents = YES;
				INFOPLIST_KEY_UILaunchScreen_Generation = YES;
				INFOPLIST_KEY_UISupportedInterfaceOrientations_iPad = "UIInterfaceOrientationPortrait UIInterfaceOrientationPortraitUpsideDown UIInterfaceOrientationLandscapeLeft UIInterfaceOrientationLandscapeRight";
				INFOPLIST_KEY_UISupportedInterfaceOrientations_iPhone = "UIInterfaceOrientationPortrait UIInterfaceOrientationLandscapeLeft UIInterfaceOrientationLandscapeRight";
				LD_RUNPATH_SEARCH_PATHS = (
					"$(inherited)",
					"@executable_path/Frameworks",
				);
				MARKETING_VERSION = 1.0;
				PRODUCT_BUNDLE_IDENTIFIER = com.markhinojosa.Momentive;
				PRODUCT_NAME = "$(TARGET_NAME)";
				SWIFT_EMIT_LOC_STRINGS = YES;
				SWIFT_VERSION = 5.0;
				TARGETED_DEVICE_FAMILY = "1,2";
			};
			name = Debug;
		};
		05BD82BE2C922841003C7D04 /* Release */ = {
			isa = XCBuildConfiguration;
			buildSettings = {
				ASSETCATALOG_COMPILER_APPICON_NAME = AppIcon;
				ASSETCATALOG_COMPILER_GLOBAL_ACCENT_COLOR_NAME = AccentColor;
				CODE_SIGN_STYLE = Automatic;
				CURRENT_PROJECT_VERSION = 1;
				DEVELOPMENT_ASSET_PATHS = "\"Momentive/Preview Content\"";
				DEVELOPMENT_TEAM = V8X3GYRTNK;
				ENABLE_PREVIEWS = YES;
				GENERATE_INFOPLIST_FILE = YES;
				INFOPLIST_FILE = Momentive/Info.plist;
				INFOPLIST_KEY_UIApplicationSceneManifest_Generation = YES;
				INFOPLIST_KEY_UIApplicationSupportsIndirectInputEvents = YES;
				INFOPLIST_KEY_UILaunchScreen_Generation = YES;
				INFOPLIST_KEY_UISupportedInterfaceOrientations_iPad = "UIInterfaceOrientationPortrait UIInterfaceOrientationPortraitUpsideDown UIInterfaceOrientationLandscapeLeft UIInterfaceOrientationLandscapeRight";
				INFOPLIST_KEY_UISupportedInterfaceOrientations_iPhone = "UIInterfaceOrientationPortrait UIInterfaceOrientationLandscapeLeft UIInterfaceOrientationLandscapeRight";
				LD_RUNPATH_SEARCH_PATHS = (
					"$(inherited)",
					"@executable_path/Frameworks",
				);
				MARKETING_VERSION = 1.0;
				PRODUCT_BUNDLE_IDENTIFIER = com.markhinojosa.Momentive;
				PRODUCT_NAME = "$(TARGET_NAME)";
				SWIFT_EMIT_LOC_STRINGS = YES;
				SWIFT_VERSION = 5.0;
				TARGETED_DEVICE_FAMILY = "1,2";
			};
			name = Release;
		};
/* End XCBuildConfiguration section */

/* Begin XCConfigurationList section */
		05BD82A42C922840003C7D04 /* Build configuration list for PBXProject "Momentive" */ = {
			isa = XCConfigurationList;
			buildConfigurations = (
				05BD82BA2C922841003C7D04 /* Debug */,
				05BD82BB2C922841003C7D04 /* Release */,
			);
			defaultConfigurationIsVisible = 0;
			defaultConfigurationName = Release;
		};
		05BD82BC2C922841003C7D04 /* Build configuration list for PBXNativeTarget "Momentive" */ = {
			isa = XCConfigurationList;
			buildConfigurations = (
				05BD82BD2C922841003C7D04 /* Debug */,
				05BD82BE2C922841003C7D04 /* Release */,
			);
			defaultConfigurationIsVisible = 0;
			defaultConfigurationName = Release;
		};
/* End XCConfigurationList section */

/* Begin XCVersionGroup section */
		05BD82B72C922841003C7D04 /* Momentive.xcdatamodeld */ = {
			isa = XCVersionGroup;
			children = (
				05BD82B82C922841003C7D04 /* Momentive.xcdatamodel */,
			);
			currentVersion = 05BD82B82C922841003C7D04 /* Momentive.xcdatamodel */;
			path = Momentive.xcdatamodeld;
			sourceTree = "<group>";
			versionGroupType = wrapper.xcdatamodel;
		};
		05E7CCFA2C92758F004BFC37 /* Qoutes.xcdatamodeld */ = {
			isa = XCVersionGroup;
			children = (
				05E7CCFB2C92758F004BFC37 /* Qoutes.xcdatamodel */,
			);
			currentVersion = 05E7CCFB2C92758F004BFC37 /* Qoutes.xcdatamodel */;
			path = Qoutes.xcdatamodeld;
			sourceTree = "<group>";
			versionGroupType = wrapper.xcdatamodel;
		};
/* End XCVersionGroup section */
	};
	rootObject = 05BD82A12C922840003C7D04 /* Project object */;
}
