// !$*UTF8*$!
{
	archiveVersion = 1;
	classes = {
	};
	objectVersion = 56;
	objects = {

/* Begin PBXBuildFile section */
		05CFA3172C91397D00DAD9D6 /* Montserrat-Black.ttf in Resources */ = {isa = PBXBuildFile; fileRef = 05CFA2FF2C91397D00DAD9D6 /* Montserrat-Black.ttf */; };
		05CFA3182C91397D00DAD9D6 /* Montserrat-BlackItalic.ttf in Resources */ = {isa = PBXBuildFile; fileRef = 05CFA3002C91397D00DAD9D6 /* Montserrat-BlackItalic.ttf */; };
		05CFA3192C91397D00DAD9D6 /* Montserrat-Bold.ttf in Resources */ = {isa = PBXBuildFile; fileRef = 05CFA3012C91397D00DAD9D6 /* Montserrat-Bold.ttf */; };
		05CFA31A2C91397D00DAD9D6 /* Montserrat-BoldItalic.ttf in Resources */ = {isa = PBXBuildFile; fileRef = 05CFA3022C91397D00DAD9D6 /* Montserrat-BoldItalic.ttf */; };
		05CFA31B2C91397D00DAD9D6 /* Montserrat-ExtraBold.ttf in Resources */ = {isa = PBXBuildFile; fileRef = 05CFA3032C91397D00DAD9D6 /* Montserrat-ExtraBold.ttf */; };
		05CFA31C2C91397D00DAD9D6 /* Montserrat-ExtraBoldItalic.ttf in Resources */ = {isa = PBXBuildFile; fileRef = 05CFA3042C91397D00DAD9D6 /* Montserrat-ExtraBoldItalic.ttf */; };
		05CFA31D2C91397D00DAD9D6 /* Montserrat-ExtraLight.ttf in Resources */ = {isa = PBXBuildFile; fileRef = 05CFA3052C91397D00DAD9D6 /* Montserrat-ExtraLight.ttf */; };
		05CFA31E2C91397D00DAD9D6 /* Montserrat-ExtraLightItalic.ttf in Resources */ = {isa = PBXBuildFile; fileRef = 05CFA3062C91397D00DAD9D6 /* Montserrat-ExtraLightItalic.ttf */; };
		05CFA31F2C91397D00DAD9D6 /* Montserrat-Italic.ttf in Resources */ = {isa = PBXBuildFile; fileRef = 05CFA3072C91397D00DAD9D6 /* Montserrat-Italic.ttf */; };
		05CFA3202C91397D00DAD9D6 /* Montserrat-Light.ttf in Resources */ = {isa = PBXBuildFile; fileRef = 05CFA3082C91397D00DAD9D6 /* Montserrat-Light.ttf */; };
		05CFA3212C91397D00DAD9D6 /* Montserrat-LightItalic.ttf in Resources */ = {isa = PBXBuildFile; fileRef = 05CFA3092C91397D00DAD9D6 /* Montserrat-LightItalic.ttf */; };
		05CFA3222C91397D00DAD9D6 /* Montserrat-Medium.ttf in Resources */ = {isa = PBXBuildFile; fileRef = 05CFA30A2C91397D00DAD9D6 /* Montserrat-Medium.ttf */; };
		05CFA3232C91397D00DAD9D6 /* Montserrat-MediumItalic.ttf in Resources */ = {isa = PBXBuildFile; fileRef = 05CFA30B2C91397D00DAD9D6 /* Montserrat-MediumItalic.ttf */; };
		05CFA3242C91397D00DAD9D6 /* Montserrat-Regular.ttf in Resources */ = {isa = PBXBuildFile; fileRef = 05CFA30C2C91397D00DAD9D6 /* Montserrat-Regular.ttf */; };
		05CFA3252C91397D00DAD9D6 /* Montserrat-SemiBold.ttf in Resources */ = {isa = PBXBuildFile; fileRef = 05CFA30D2C91397D00DAD9D6 /* Montserrat-SemiBold.ttf */; };
		05CFA3262C91397D00DAD9D6 /* Montserrat-SemiBoldItalic.ttf in Resources */ = {isa = PBXBuildFile; fileRef = 05CFA30E2C91397D00DAD9D6 /* Montserrat-SemiBoldItalic.ttf */; };
		05CFA3272C91397D00DAD9D6 /* Montserrat-Thin.ttf in Resources */ = {isa = PBXBuildFile; fileRef = 05CFA30F2C91397D00DAD9D6 /* Montserrat-Thin.ttf */; };
		05CFA3282C91397D00DAD9D6 /* Montserrat-ThinItalic.ttf in Resources */ = {isa = PBXBuildFile; fileRef = 05CFA3102C91397D00DAD9D6 /* Montserrat-ThinItalic.ttf */; };
		05CFA3292C91397D00DAD9D6 /* Montserrat-Italic-VariableFont_wght.ttf in Resources */ = {isa = PBXBuildFile; fileRef = 05CFA3122C91397D00DAD9D6 /* Montserrat-Italic-VariableFont_wght.ttf */; };
		05CFA32A2C91397D00DAD9D6 /* Montserrat-VariableFont_wght.ttf in Resources */ = {isa = PBXBuildFile; fileRef = 05CFA3132C91397D00DAD9D6 /* Montserrat-VariableFont_wght.ttf */; };
		05CFA32B2C91397D00DAD9D6 /* OFL.txt in Resources */ = {isa = PBXBuildFile; fileRef = 05CFA3142C91397D00DAD9D6 /* OFL.txt */; };
		05CFA32C2C91397D00DAD9D6 /* README.txt in Resources */ = {isa = PBXBuildFile; fileRef = 05CFA3152C91397D00DAD9D6 /* README.txt */; };
		05CFA32D2C913A1000DAD9D6 /* Montserrat-Italic-VariableFont_wght.ttf in Resources */ = {isa = PBXBuildFile; fileRef = 05CFA3122C91397D00DAD9D6 /* Montserrat-Italic-VariableFont_wght.ttf */; };
		05CFA32E2C913A1200DAD9D6 /* Montserrat-Italic-VariableFont_wght.ttf in Resources */ = {isa = PBXBuildFile; fileRef = 05CFA3122C91397D00DAD9D6 /* Montserrat-Italic-VariableFont_wght.ttf */; };
		05CFA32F2C913A1500DAD9D6 /* Montserrat-VariableFont_wght.ttf in Resources */ = {isa = PBXBuildFile; fileRef = 05CFA3132C91397D00DAD9D6 /* Montserrat-VariableFont_wght.ttf */; };
		05CFA3302C913A1600DAD9D6 /* Montserrat-VariableFont_wght.ttf in Resources */ = {isa = PBXBuildFile; fileRef = 05CFA3132C91397D00DAD9D6 /* Montserrat-VariableFont_wght.ttf */; };
		05D91C9B2C91240A00D4B3A7 /* MomentiveApp.swift in Sources */ = {isa = PBXBuildFile; fileRef = 05D91C9A2C91240A00D4B3A7 /* MomentiveApp.swift */; };
		05D91C9D2C91240A00D4B3A7 /* Persistence.swift in Sources */ = {isa = PBXBuildFile; fileRef = 05D91C9C2C91240A00D4B3A7 /* Persistence.swift */; };
		05D91CA02C91240A00D4B3A7 /* Momentive.xcdatamodeld in Sources */ = {isa = PBXBuildFile; fileRef = 05D91C9E2C91240A00D4B3A7 /* Momentive.xcdatamodeld */; };
		05D91CA22C91240A00D4B3A7 /* ContentView.swift in Sources */ = {isa = PBXBuildFile; fileRef = 05D91CA12C91240A00D4B3A7 /* ContentView.swift */; };
		05D91CA42C91240B00D4B3A7 /* Assets.xcassets in Resources */ = {isa = PBXBuildFile; fileRef = 05D91CA32C91240B00D4B3A7 /* Assets.xcassets */; };
		05D91CA82C91240B00D4B3A7 /* Preview Assets.xcassets in Resources */ = {isa = PBXBuildFile; fileRef = 05D91CA72C91240B00D4B3A7 /* Preview Assets.xcassets */; };
		05D91CB22C91240B00D4B3A7 /* MomentiveTests.swift in Sources */ = {isa = PBXBuildFile; fileRef = 05D91CB12C91240B00D4B3A7 /* MomentiveTests.swift */; };
		05D91CBC2C91240B00D4B3A7 /* MomentiveUITests.swift in Sources */ = {isa = PBXBuildFile; fileRef = 05D91CBB2C91240B00D4B3A7 /* MomentiveUITests.swift */; };
		05D91CBE2C91240B00D4B3A7 /* MomentiveUITestsLaunchTests.swift in Sources */ = {isa = PBXBuildFile; fileRef = 05D91CBD2C91240B00D4B3A7 /* MomentiveUITestsLaunchTests.swift */; };
/* End PBXBuildFile section */

/* Begin PBXContainerItemProxy section */
		05D91CAE2C91240B00D4B3A7 /* PBXContainerItemProxy */ = {
			isa = PBXContainerItemProxy;
			containerPortal = 05D91C8F2C91240A00D4B3A7 /* Project object */;
			proxyType = 1;
			remoteGlobalIDString = 05D91C962C91240A00D4B3A7;
			remoteInfo = Momentive;
		};
		05D91CB82C91240B00D4B3A7 /* PBXContainerItemProxy */ = {
			isa = PBXContainerItemProxy;
			containerPortal = 05D91C8F2C91240A00D4B3A7 /* Project object */;
			proxyType = 1;
			remoteGlobalIDString = 05D91C962C91240A00D4B3A7;
			remoteInfo = Momentive;
		};
/* End PBXContainerItemProxy section */

/* Begin PBXFileReference section */
		05CFA2FF2C91397D00DAD9D6 /* Montserrat-Black.ttf */ = {isa = PBXFileReference; lastKnownFileType = file; path = "Montserrat-Black.ttf"; sourceTree = "<group>"; };
		05CFA3002C91397D00DAD9D6 /* Montserrat-BlackItalic.ttf */ = {isa = PBXFileReference; lastKnownFileType = file; path = "Montserrat-BlackItalic.ttf"; sourceTree = "<group>"; };
		05CFA3012C91397D00DAD9D6 /* Montserrat-Bold.ttf */ = {isa = PBXFileReference; lastKnownFileType = file; path = "Montserrat-Bold.ttf"; sourceTree = "<group>"; };
		05CFA3022C91397D00DAD9D6 /* Montserrat-BoldItalic.ttf */ = {isa = PBXFileReference; lastKnownFileType = file; path = "Montserrat-BoldItalic.ttf"; sourceTree = "<group>"; };
		05CFA3032C91397D00DAD9D6 /* Montserrat-ExtraBold.ttf */ = {isa = PBXFileReference; lastKnownFileType = file; path = "Montserrat-ExtraBold.ttf"; sourceTree = "<group>"; };
		05CFA3042C91397D00DAD9D6 /* Montserrat-ExtraBoldItalic.ttf */ = {isa = PBXFileReference; lastKnownFileType = file; path = "Montserrat-ExtraBoldItalic.ttf"; sourceTree = "<group>"; };
		05CFA3052C91397D00DAD9D6 /* Montserrat-ExtraLight.ttf */ = {isa = PBXFileReference; lastKnownFileType = file; path = "Montserrat-ExtraLight.ttf"; sourceTree = "<group>"; };
		05CFA3062C91397D00DAD9D6 /* Montserrat-ExtraLightItalic.ttf */ = {isa = PBXFileReference; lastKnownFileType = file; path = "Montserrat-ExtraLightItalic.ttf"; sourceTree = "<group>"; };
		05CFA3072C91397D00DAD9D6 /* Montserrat-Italic.ttf */ = {isa = PBXFileReference; lastKnownFileType = file; path = "Montserrat-Italic.ttf"; sourceTree = "<group>"; };
		05CFA3082C91397D00DAD9D6 /* Montserrat-Light.ttf */ = {isa = PBXFileReference; lastKnownFileType = file; path = "Montserrat-Light.ttf"; sourceTree = "<group>"; };
		05CFA3092C91397D00DAD9D6 /* Montserrat-LightItalic.ttf */ = {isa = PBXFileReference; lastKnownFileType = file; path = "Montserrat-LightItalic.ttf"; sourceTree = "<group>"; };
		05CFA30A2C91397D00DAD9D6 /* Montserrat-Medium.ttf */ = {isa = PBXFileReference; lastKnownFileType = file; path = "Montserrat-Medium.ttf"; sourceTree = "<group>"; };
		05CFA30B2C91397D00DAD9D6 /* Montserrat-MediumItalic.ttf */ = {isa = PBXFileReference; lastKnownFileType = file; path = "Montserrat-MediumItalic.ttf"; sourceTree = "<group>"; };
		05CFA30C2C91397D00DAD9D6 /* Montserrat-Regular.ttf */ = {isa = PBXFileReference; lastKnownFileType = file; path = "Montserrat-Regular.ttf"; sourceTree = "<group>"; };
		05CFA30D2C91397D00DAD9D6 /* Montserrat-SemiBold.ttf */ = {isa = PBXFileReference; lastKnownFileType = file; path = "Montserrat-SemiBold.ttf"; sourceTree = "<group>"; };
		05CFA30E2C91397D00DAD9D6 /* Montserrat-SemiBoldItalic.ttf */ = {isa = PBXFileReference; lastKnownFileType = file; path = "Montserrat-SemiBoldItalic.ttf"; sourceTree = "<group>"; };
		05CFA30F2C91397D00DAD9D6 /* Montserrat-Thin.ttf */ = {isa = PBXFileReference; lastKnownFileType = file; path = "Montserrat-Thin.ttf"; sourceTree = "<group>"; };
		05CFA3102C91397D00DAD9D6 /* Montserrat-ThinItalic.ttf */ = {isa = PBXFileReference; lastKnownFileType = file; path = "Montserrat-ThinItalic.ttf"; sourceTree = "<group>"; };
		05CFA3122C91397D00DAD9D6 /* Montserrat-Italic-VariableFont_wght.ttf */ = {isa = PBXFileReference; lastKnownFileType = file; path = "Montserrat-Italic-VariableFont_wght.ttf"; sourceTree = "<group>"; };
		05CFA3132C91397D00DAD9D6 /* Montserrat-VariableFont_wght.ttf */ = {isa = PBXFileReference; lastKnownFileType = file; path = "Montserrat-VariableFont_wght.ttf"; sourceTree = "<group>"; };
		05CFA3142C91397D00DAD9D6 /* OFL.txt */ = {isa = PBXFileReference; fileEncoding = 4; lastKnownFileType = text; path = OFL.txt; sourceTree = "<group>"; };
		05CFA3152C91397D00DAD9D6 /* README.txt */ = {isa = PBXFileReference; fileEncoding = 4; lastKnownFileType = text; path = README.txt; sourceTree = "<group>"; };
		05D91C972C91240A00D4B3A7 /* Momentive.app */ = {isa = PBXFileReference; explicitFileType = wrapper.application; includeInIndex = 0; path = Momentive.app; sourceTree = BUILT_PRODUCTS_DIR; };
		05D91C9A2C91240A00D4B3A7 /* MomentiveApp.swift */ = {isa = PBXFileReference; lastKnownFileType = sourcecode.swift; path = MomentiveApp.swift; sourceTree = "<group>"; };
		05D91C9C2C91240A00D4B3A7 /* Persistence.swift */ = {isa = PBXFileReference; lastKnownFileType = sourcecode.swift; path = Persistence.swift; sourceTree = "<group>"; };
		05D91C9F2C91240A00D4B3A7 /* Momentive.xcdatamodel */ = {isa = PBXFileReference; lastKnownFileType = wrapper.xcdatamodel; path = Momentive.xcdatamodel; sourceTree = "<group>"; };
		05D91CA12C91240A00D4B3A7 /* ContentView.swift */ = {isa = PBXFileReference; lastKnownFileType = sourcecode.swift; path = ContentView.swift; sourceTree = "<group>"; };
		05D91CA32C91240B00D4B3A7 /* Assets.xcassets */ = {isa = PBXFileReference; lastKnownFileType = folder.assetcatalog; path = Assets.xcassets; sourceTree = "<group>"; };
		05D91CA52C91240B00D4B3A7 /* Momentive.entitlements */ = {isa = PBXFileReference; lastKnownFileType = text.plist.entitlements; path = Momentive.entitlements; sourceTree = "<group>"; };
		05D91CA72C91240B00D4B3A7 /* Preview Assets.xcassets */ = {isa = PBXFileReference; lastKnownFileType = folder.assetcatalog; path = "Preview Assets.xcassets"; sourceTree = "<group>"; };
		05D91CAD2C91240B00D4B3A7 /* MomentiveTests.xctest */ = {isa = PBXFileReference; explicitFileType = wrapper.cfbundle; includeInIndex = 0; path = MomentiveTests.xctest; sourceTree = BUILT_PRODUCTS_DIR; };
		05D91CB12C91240B00D4B3A7 /* MomentiveTests.swift */ = {isa = PBXFileReference; lastKnownFileType = sourcecode.swift; path = MomentiveTests.swift; sourceTree = "<group>"; };
		05D91CB72C91240B00D4B3A7 /* MomentiveUITests.xctest */ = {isa = PBXFileReference; explicitFileType = wrapper.cfbundle; includeInIndex = 0; path = MomentiveUITests.xctest; sourceTree = BUILT_PRODUCTS_DIR; };
		05D91CBB2C91240B00D4B3A7 /* MomentiveUITests.swift */ = {isa = PBXFileReference; lastKnownFileType = sourcecode.swift; path = MomentiveUITests.swift; sourceTree = "<group>"; };
		05D91CBD2C91240B00D4B3A7 /* MomentiveUITestsLaunchTests.swift */ = {isa = PBXFileReference; lastKnownFileType = sourcecode.swift; path = MomentiveUITestsLaunchTests.swift; sourceTree = "<group>"; };
/* End PBXFileReference section */

/* Begin PBXFrameworksBuildPhase section */
		05D91C942C91240A00D4B3A7 /* Frameworks */ = {
			isa = PBXFrameworksBuildPhase;
			buildActionMask = 2147483647;
			files = (
			);
			runOnlyForDeploymentPostprocessing = 0;
		};
		05D91CAA2C91240B00D4B3A7 /* Frameworks */ = {
			isa = PBXFrameworksBuildPhase;
			buildActionMask = 2147483647;
			files = (
			);
			runOnlyForDeploymentPostprocessing = 0;
		};
		05D91CB42C91240B00D4B3A7 /* Frameworks */ = {
			isa = PBXFrameworksBuildPhase;
			buildActionMask = 2147483647;
			files = (
			);
			runOnlyForDeploymentPostprocessing = 0;
		};
/* End PBXFrameworksBuildPhase section */

/* Begin PBXGroup section */
		05CFA3112C91397D00DAD9D6 /* static */ = {
			isa = PBXGroup;
			children = (
				05CFA2FF2C91397D00DAD9D6 /* Montserrat-Black.ttf */,
				05CFA3002C91397D00DAD9D6 /* Montserrat-BlackItalic.ttf */,
				05CFA3012C91397D00DAD9D6 /* Montserrat-Bold.ttf */,
				05CFA3022C91397D00DAD9D6 /* Montserrat-BoldItalic.ttf */,
				05CFA3032C91397D00DAD9D6 /* Montserrat-ExtraBold.ttf */,
				05CFA3042C91397D00DAD9D6 /* Montserrat-ExtraBoldItalic.ttf */,
				05CFA3052C91397D00DAD9D6 /* Montserrat-ExtraLight.ttf */,
				05CFA3062C91397D00DAD9D6 /* Montserrat-ExtraLightItalic.ttf */,
				05CFA3072C91397D00DAD9D6 /* Montserrat-Italic.ttf */,
				05CFA3082C91397D00DAD9D6 /* Montserrat-Light.ttf */,
				05CFA3092C91397D00DAD9D6 /* Montserrat-LightItalic.ttf */,
				05CFA30A2C91397D00DAD9D6 /* Montserrat-Medium.ttf */,
				05CFA30B2C91397D00DAD9D6 /* Montserrat-MediumItalic.ttf */,
				05CFA30C2C91397D00DAD9D6 /* Montserrat-Regular.ttf */,
				05CFA30D2C91397D00DAD9D6 /* Montserrat-SemiBold.ttf */,
				05CFA30E2C91397D00DAD9D6 /* Montserrat-SemiBoldItalic.ttf */,
				05CFA30F2C91397D00DAD9D6 /* Montserrat-Thin.ttf */,
				05CFA3102C91397D00DAD9D6 /* Montserrat-ThinItalic.ttf */,
			);
			path = static;
			sourceTree = "<group>";
		};
		05CFA3162C91397D00DAD9D6 /* Montserrat */ = {
			isa = PBXGroup;
			children = (
				05CFA3112C91397D00DAD9D6 /* static */,
				05CFA3122C91397D00DAD9D6 /* Montserrat-Italic-VariableFont_wght.ttf */,
				05CFA3132C91397D00DAD9D6 /* Montserrat-VariableFont_wght.ttf */,
				05CFA3142C91397D00DAD9D6 /* OFL.txt */,
				05CFA3152C91397D00DAD9D6 /* README.txt */,
			);
			path = Montserrat;
			sourceTree = "<group>";
		};
		05D91C8E2C91240A00D4B3A7 = {
			isa = PBXGroup;
			children = (
				05D91C992C91240A00D4B3A7 /* Momentive */,
				05CFA3162C91397D00DAD9D6 /* Montserrat */,
				05D91CB02C91240B00D4B3A7 /* MomentiveTests */,
				05D91CBA2C91240B00D4B3A7 /* MomentiveUITests */,
				05D91C982C91240A00D4B3A7 /* Products */,
			);
			sourceTree = "<group>";
		};
		05D91C982C91240A00D4B3A7 /* Products */ = {
			isa = PBXGroup;
			children = (
				05D91C972C91240A00D4B3A7 /* Momentive.app */,
				05D91CAD2C91240B00D4B3A7 /* MomentiveTests.xctest */,
				05D91CB72C91240B00D4B3A7 /* MomentiveUITests.xctest */,
			);
			name = Products;
			sourceTree = "<group>";
		};
		05D91C992C91240A00D4B3A7 /* Momentive */ = {
			isa = PBXGroup;
			children = (
				05D91C9A2C91240A00D4B3A7 /* MomentiveApp.swift */,
				05D91C9C2C91240A00D4B3A7 /* Persistence.swift */,
				05D91CA12C91240A00D4B3A7 /* ContentView.swift */,
				05D91CA32C91240B00D4B3A7 /* Assets.xcassets */,
				05D91CA52C91240B00D4B3A7 /* Momentive.entitlements */,
				05D91C9E2C91240A00D4B3A7 /* Momentive.xcdatamodeld */,
				05D91CA62C91240B00D4B3A7 /* Preview Content */,
			);
			path = Momentive;
			sourceTree = "<group>";
		};
		05D91CA62C91240B00D4B3A7 /* Preview Content */ = {
			isa = PBXGroup;
			children = (
				05D91CA72C91240B00D4B3A7 /* Preview Assets.xcassets */,
			);
			path = "Preview Content";
			sourceTree = "<group>";
		};
		05D91CB02C91240B00D4B3A7 /* MomentiveTests */ = {
			isa = PBXGroup;
			children = (
				05D91CB12C91240B00D4B3A7 /* MomentiveTests.swift */,
			);
			path = MomentiveTests;
			sourceTree = "<group>";
		};
		05D91CBA2C91240B00D4B3A7 /* MomentiveUITests */ = {
			isa = PBXGroup;
			children = (
				05D91CBB2C91240B00D4B3A7 /* MomentiveUITests.swift */,
				05D91CBD2C91240B00D4B3A7 /* MomentiveUITestsLaunchTests.swift */,
			);
			path = MomentiveUITests;
			sourceTree = "<group>";
		};
/* End PBXGroup section */

/* Begin PBXNativeTarget section */
		05D91C962C91240A00D4B3A7 /* Momentive */ = {
			isa = PBXNativeTarget;
			buildConfigurationList = 05D91CC12C91240B00D4B3A7 /* Build configuration list for PBXNativeTarget "Momentive" */;
			buildPhases = (
				05D91C932C91240A00D4B3A7 /* Sources */,
				05D91C942C91240A00D4B3A7 /* Frameworks */,
				05D91C952C91240A00D4B3A7 /* Resources */,
			);
			buildRules = (
			);
			dependencies = (
			);
			name = Momentive;
			productName = Momentive;
			productReference = 05D91C972C91240A00D4B3A7 /* Momentive.app */;
			productType = "com.apple.product-type.application";
		};
		05D91CAC2C91240B00D4B3A7 /* MomentiveTests */ = {
			isa = PBXNativeTarget;
			buildConfigurationList = 05D91CC42C91240B00D4B3A7 /* Build configuration list for PBXNativeTarget "MomentiveTests" */;
			buildPhases = (
				05D91CA92C91240B00D4B3A7 /* Sources */,
				05D91CAA2C91240B00D4B3A7 /* Frameworks */,
				05D91CAB2C91240B00D4B3A7 /* Resources */,
			);
			buildRules = (
			);
			dependencies = (
				05D91CAF2C91240B00D4B3A7 /* PBXTargetDependency */,
			);
			name = MomentiveTests;
			productName = MomentiveTests;
			productReference = 05D91CAD2C91240B00D4B3A7 /* MomentiveTests.xctest */;
			productType = "com.apple.product-type.bundle.unit-test";
		};
		05D91CB62C91240B00D4B3A7 /* MomentiveUITests */ = {
			isa = PBXNativeTarget;
			buildConfigurationList = 05D91CC72C91240B00D4B3A7 /* Build configuration list for PBXNativeTarget "MomentiveUITests" */;
			buildPhases = (
				05D91CB32C91240B00D4B3A7 /* Sources */,
				05D91CB42C91240B00D4B3A7 /* Frameworks */,
				05D91CB52C91240B00D4B3A7 /* Resources */,
			);
			buildRules = (
			);
			dependencies = (
				05D91CB92C91240B00D4B3A7 /* PBXTargetDependency */,
			);
			name = MomentiveUITests;
			productName = MomentiveUITests;
			productReference = 05D91CB72C91240B00D4B3A7 /* MomentiveUITests.xctest */;
			productType = "com.apple.product-type.bundle.ui-testing";
		};
/* End PBXNativeTarget section */

/* Begin PBXProject section */
		05D91C8F2C91240A00D4B3A7 /* Project object */ = {
			isa = PBXProject;
			attributes = {
				BuildIndependentTargetsInParallel = 1;
				LastSwiftUpdateCheck = 1540;
				LastUpgradeCheck = 1540;
				TargetAttributes = {
					05D91C962C91240A00D4B3A7 = {
						CreatedOnToolsVersion = 15.4;
					};
					05D91CAC2C91240B00D4B3A7 = {
						CreatedOnToolsVersion = 15.4;
						TestTargetID = 05D91C962C91240A00D4B3A7;
					};
					05D91CB62C91240B00D4B3A7 = {
						CreatedOnToolsVersion = 15.4;
						TestTargetID = 05D91C962C91240A00D4B3A7;
					};
				};
			};
			buildConfigurationList = 05D91C922C91240A00D4B3A7 /* Build configuration list for PBXProject "Momentive" */;
			compatibilityVersion = "Xcode 14.0";
			developmentRegion = en;
			hasScannedForEncodings = 0;
			knownRegions = (
				en,
				Base,
			);
			mainGroup = 05D91C8E2C91240A00D4B3A7;
			productRefGroup = 05D91C982C91240A00D4B3A7 /* Products */;
			projectDirPath = "";
			projectRoot = "";
			targets = (
				05D91C962C91240A00D4B3A7 /* Momentive */,
				05D91CAC2C91240B00D4B3A7 /* MomentiveTests */,
				05D91CB62C91240B00D4B3A7 /* MomentiveUITests */,
			);
		};
/* End PBXProject section */

/* Begin PBXResourcesBuildPhase section */
		05D91C952C91240A00D4B3A7 /* Resources */ = {
			isa = PBXResourcesBuildPhase;
			buildActionMask = 2147483647;
			files = (
				05CFA32F2C913A1500DAD9D6 /* Montserrat-VariableFont_wght.ttf in Resources */,
				05D91CA82C91240B00D4B3A7 /* Preview Assets.xcassets in Resources */,
				05CFA32D2C913A1000DAD9D6 /* Montserrat-Italic-VariableFont_wght.ttf in Resources */,
				05D91CA42C91240B00D4B3A7 /* Assets.xcassets in Resources */,
			);
			runOnlyForDeploymentPostprocessing = 0;
		};
		05D91CAB2C91240B00D4B3A7 /* Resources */ = {
			isa = PBXResourcesBuildPhase;
			buildActionMask = 2147483647;
			files = (
				05CFA3302C913A1600DAD9D6 /* Montserrat-VariableFont_wght.ttf in Resources */,
				05CFA32E2C913A1200DAD9D6 /* Montserrat-Italic-VariableFont_wght.ttf in Resources */,
			);
			runOnlyForDeploymentPostprocessing = 0;
		};
		05D91CB52C91240B00D4B3A7 /* Resources */ = {
			isa = PBXResourcesBuildPhase;
			buildActionMask = 2147483647;
			files = (
				05CFA32B2C91397D00DAD9D6 /* OFL.txt in Resources */,
				05CFA3212C91397D00DAD9D6 /* Montserrat-LightItalic.ttf in Resources */,
				05CFA32C2C91397D00DAD9D6 /* README.txt in Resources */,
				05CFA3232C91397D00DAD9D6 /* Montserrat-MediumItalic.ttf in Resources */,
				05CFA3242C91397D00DAD9D6 /* Montserrat-Regular.ttf in Resources */,
				05CFA3202C91397D00DAD9D6 /* Montserrat-Light.ttf in Resources */,
				05CFA32A2C91397D00DAD9D6 /* Montserrat-VariableFont_wght.ttf in Resources */,
				05CFA31B2C91397D00DAD9D6 /* Montserrat-ExtraBold.ttf in Resources */,
				05CFA31E2C91397D00DAD9D6 /* Montserrat-ExtraLightItalic.ttf in Resources */,
				05CFA31A2C91397D00DAD9D6 /* Montserrat-BoldItalic.ttf in Resources */,
				05CFA3172C91397D00DAD9D6 /* Montserrat-Black.ttf in Resources */,
				05CFA31D2C91397D00DAD9D6 /* Montserrat-ExtraLight.ttf in Resources */,
				05CFA3252C91397D00DAD9D6 /* Montserrat-SemiBold.ttf in Resources */,
				05CFA3292C91397D00DAD9D6 /* Montserrat-Italic-VariableFont_wght.ttf in Resources */,
				05CFA3262C91397D00DAD9D6 /* Montserrat-SemiBoldItalic.ttf in Resources */,
				05CFA31C2C91397D00DAD9D6 /* Montserrat-ExtraBoldItalic.ttf in Resources */,
				05CFA3272C91397D00DAD9D6 /* Montserrat-Thin.ttf in Resources */,
				05CFA31F2C91397D00DAD9D6 /* Montserrat-Italic.ttf in Resources */,
				05CFA3282C91397D00DAD9D6 /* Montserrat-ThinItalic.ttf in Resources */,
				05CFA3182C91397D00DAD9D6 /* Montserrat-BlackItalic.ttf in Resources */,
				05CFA3222C91397D00DAD9D6 /* Montserrat-Medium.ttf in Resources */,
				05CFA3192C91397D00DAD9D6 /* Montserrat-Bold.ttf in Resources */,
			);
			runOnlyForDeploymentPostprocessing = 0;
		};
/* End PBXResourcesBuildPhase section */

/* Begin PBXSourcesBuildPhase section */
		05D91C932C91240A00D4B3A7 /* Sources */ = {
			isa = PBXSourcesBuildPhase;
			buildActionMask = 2147483647;
			files = (
				05D91CA02C91240A00D4B3A7 /* Momentive.xcdatamodeld in Sources */,
				05D91C9B2C91240A00D4B3A7 /* MomentiveApp.swift in Sources */,
				05D91CA22C91240A00D4B3A7 /* ContentView.swift in Sources */,
				05D91C9D2C91240A00D4B3A7 /* Persistence.swift in Sources */,
			);
			runOnlyForDeploymentPostprocessing = 0;
		};
		05D91CA92C91240B00D4B3A7 /* Sources */ = {
			isa = PBXSourcesBuildPhase;
			buildActionMask = 2147483647;
			files = (
				05D91CB22C91240B00D4B3A7 /* MomentiveTests.swift in Sources */,
			);
			runOnlyForDeploymentPostprocessing = 0;
		};
		05D91CB32C91240B00D4B3A7 /* Sources */ = {
			isa = PBXSourcesBuildPhase;
			buildActionMask = 2147483647;
			files = (
				05D91CBC2C91240B00D4B3A7 /* MomentiveUITests.swift in Sources */,
				05D91CBE2C91240B00D4B3A7 /* MomentiveUITestsLaunchTests.swift in Sources */,
			);
			runOnlyForDeploymentPostprocessing = 0;
		};
/* End PBXSourcesBuildPhase section */

/* Begin PBXTargetDependency section */
		05D91CAF2C91240B00D4B3A7 /* PBXTargetDependency */ = {
			isa = PBXTargetDependency;
			target = 05D91C962C91240A00D4B3A7 /* Momentive */;
			targetProxy = 05D91CAE2C91240B00D4B3A7 /* PBXContainerItemProxy */;
		};
		05D91CB92C91240B00D4B3A7 /* PBXTargetDependency */ = {
			isa = PBXTargetDependency;
			target = 05D91C962C91240A00D4B3A7 /* Momentive */;
			targetProxy = 05D91CB82C91240B00D4B3A7 /* PBXContainerItemProxy */;
		};
/* End PBXTargetDependency section */

/* Begin XCBuildConfiguration section */
		05D91CBF2C91240B00D4B3A7 /* Debug */ = {
			isa = XCBuildConfiguration;
			buildSettings = {
				ALWAYS_SEARCH_USER_PATHS = NO;
				ASSETCATALOG_COMPILER_GENERATE_SWIFT_ASSET_SYMBOL_EXTENSIONS = YES;
				CLANG_ANALYZER_NONNULL = YES;
				CLANG_ANALYZER_NUMBER_OBJECT_CONVERSION = YES_AGGRESSIVE;
				CLANG_CXX_LANGUAGE_STANDARD = "gnu++20";
				CLANG_ENABLE_MODULES = YES;
				CLANG_ENABLE_OBJC_ARC = YES;
				CLANG_ENABLE_OBJC_WEAK = YES;
				CLANG_WARN_BLOCK_CAPTURE_AUTORELEASING = YES;
				CLANG_WARN_BOOL_CONVERSION = YES;
				CLANG_WARN_COMMA = YES;
				CLANG_WARN_CONSTANT_CONVERSION = YES;
				CLANG_WARN_DEPRECATED_OBJC_IMPLEMENTATIONS = YES;
				CLANG_WARN_DIRECT_OBJC_ISA_USAGE = YES_ERROR;
				CLANG_WARN_DOCUMENTATION_COMMENTS = YES;
				CLANG_WARN_EMPTY_BODY = YES;
				CLANG_WARN_ENUM_CONVERSION = YES;
				CLANG_WARN_INFINITE_RECURSION = YES;
				CLANG_WARN_INT_CONVERSION = YES;
				CLANG_WARN_NON_LITERAL_NULL_CONVERSION = YES;
				CLANG_WARN_OBJC_IMPLICIT_RETAIN_SELF = YES;
				CLANG_WARN_OBJC_LITERAL_CONVERSION = YES;
				CLANG_WARN_OBJC_ROOT_CLASS = YES_ERROR;
				CLANG_WARN_QUOTED_INCLUDE_IN_FRAMEWORK_HEADER = YES;
				CLANG_WARN_RANGE_LOOP_ANALYSIS = YES;
				CLANG_WARN_STRICT_PROTOTYPES = YES;
				CLANG_WARN_SUSPICIOUS_MOVE = YES;
				CLANG_WARN_UNGUARDED_AVAILABILITY = YES_AGGRESSIVE;
				CLANG_WARN_UNREACHABLE_CODE = YES;
				CLANG_WARN__DUPLICATE_METHOD_MATCH = YES;
				COPY_PHASE_STRIP = NO;
				DEBUG_INFORMATION_FORMAT = dwarf;
				ENABLE_STRICT_OBJC_MSGSEND = YES;
				ENABLE_TESTABILITY = YES;
				ENABLE_USER_SCRIPT_SANDBOXING = YES;
				GCC_C_LANGUAGE_STANDARD = gnu17;
				GCC_DYNAMIC_NO_PIC = NO;
				GCC_NO_COMMON_BLOCKS = YES;
				GCC_OPTIMIZATION_LEVEL = 0;
				GCC_PREPROCESSOR_DEFINITIONS = (
					"DEBUG=1",
					"$(inherited)",
				);
				GCC_WARN_64_TO_32_BIT_CONVERSION = YES;
				GCC_WARN_ABOUT_RETURN_TYPE = YES_ERROR;
				GCC_WARN_UNDECLARED_SELECTOR = YES;
				GCC_WARN_UNINITIALIZED_AUTOS = YES_AGGRESSIVE;
				GCC_WARN_UNUSED_FUNCTION = YES;
				GCC_WARN_UNUSED_VARIABLE = YES;
				LOCALIZATION_PREFERS_STRING_CATALOGS = YES;
				MTL_ENABLE_DEBUG_INFO = INCLUDE_SOURCE;
				MTL_FAST_MATH = YES;
				ONLY_ACTIVE_ARCH = YES;
				SWIFT_ACTIVE_COMPILATION_CONDITIONS = "DEBUG $(inherited)";
				SWIFT_OPTIMIZATION_LEVEL = "-Onone";
			};
			name = Debug;
		};
		05D91CC02C91240B00D4B3A7 /* Release */ = {
			isa = XCBuildConfiguration;
			buildSettings = {
				ALWAYS_SEARCH_USER_PATHS = NO;
				ASSETCATALOG_COMPILER_GENERATE_SWIFT_ASSET_SYMBOL_EXTENSIONS = YES;
				CLANG_ANALYZER_NONNULL = YES;
				CLANG_ANALYZER_NUMBER_OBJECT_CONVERSION = YES_AGGRESSIVE;
				CLANG_CXX_LANGUAGE_STANDARD = "gnu++20";
				CLANG_ENABLE_MODULES = YES;
				CLANG_ENABLE_OBJC_ARC = YES;
				CLANG_ENABLE_OBJC_WEAK = YES;
				CLANG_WARN_BLOCK_CAPTURE_AUTORELEASING = YES;
				CLANG_WARN_BOOL_CONVERSION = YES;
				CLANG_WARN_COMMA = YES;
				CLANG_WARN_CONSTANT_CONVERSION = YES;
				CLANG_WARN_DEPRECATED_OBJC_IMPLEMENTATIONS = YES;
				CLANG_WARN_DIRECT_OBJC_ISA_USAGE = YES_ERROR;
				CLANG_WARN_DOCUMENTATION_COMMENTS = YES;
				CLANG_WARN_EMPTY_BODY = YES;
				CLANG_WARN_ENUM_CONVERSION = YES;
				CLANG_WARN_INFINITE_RECURSION = YES;
				CLANG_WARN_INT_CONVERSION = YES;
				CLANG_WARN_NON_LITERAL_NULL_CONVERSION = YES;
				CLANG_WARN_OBJC_IMPLICIT_RETAIN_SELF = YES;
				CLANG_WARN_OBJC_LITERAL_CONVERSION = YES;
				CLANG_WARN_OBJC_ROOT_CLASS = YES_ERROR;
				CLANG_WARN_QUOTED_INCLUDE_IN_FRAMEWORK_HEADER = YES;
				CLANG_WARN_RANGE_LOOP_ANALYSIS = YES;
				CLANG_WARN_STRICT_PROTOTYPES = YES;
				CLANG_WARN_SUSPICIOUS_MOVE = YES;
				CLANG_WARN_UNGUARDED_AVAILABILITY = YES_AGGRESSIVE;
				CLANG_WARN_UNREACHABLE_CODE = YES;
				CLANG_WARN__DUPLICATE_METHOD_MATCH = YES;
				COPY_PHASE_STRIP = NO;
				DEBUG_INFORMATION_FORMAT = "dwarf-with-dsym";
				ENABLE_NS_ASSERTIONS = NO;
				ENABLE_STRICT_OBJC_MSGSEND = YES;
				ENABLE_USER_SCRIPT_SANDBOXING = YES;
				GCC_C_LANGUAGE_STANDARD = gnu17;
				GCC_NO_COMMON_BLOCKS = YES;
				GCC_WARN_64_TO_32_BIT_CONVERSION = YES;
				GCC_WARN_ABOUT_RETURN_TYPE = YES_ERROR;
				GCC_WARN_UNDECLARED_SELECTOR = YES;
				GCC_WARN_UNINITIALIZED_AUTOS = YES_AGGRESSIVE;
				GCC_WARN_UNUSED_FUNCTION = YES;
				GCC_WARN_UNUSED_VARIABLE = YES;
				LOCALIZATION_PREFERS_STRING_CATALOGS = YES;
				MTL_ENABLE_DEBUG_INFO = NO;
				MTL_FAST_MATH = YES;
				SWIFT_COMPILATION_MODE = wholemodule;
			};
			name = Release;
		};
		05D91CC22C91240B00D4B3A7 /* Debug */ = {
			isa = XCBuildConfiguration;
			buildSettings = {
				ASSETCATALOG_COMPILER_APPICON_NAME = AppIcon;
				ASSETCATALOG_COMPILER_GLOBAL_ACCENT_COLOR_NAME = AccentColor;
				CODE_SIGN_ENTITLEMENTS = Momentive/Momentive.entitlements;
				CODE_SIGN_STYLE = Automatic;
				CURRENT_PROJECT_VERSION = 1;
				DEVELOPMENT_ASSET_PATHS = "\"Momentive/Preview Content\"";
				DEVELOPMENT_TEAM = V8X3GYRTNK;
				ENABLE_HARDENED_RUNTIME = YES;
				ENABLE_PREVIEWS = YES;
				GENERATE_INFOPLIST_FILE = YES;
				"INFOPLIST_KEY_UIApplicationSceneManifest_Generation[sdk=iphoneos*]" = YES;
				"INFOPLIST_KEY_UIApplicationSceneManifest_Generation[sdk=iphonesimulator*]" = YES;
				"INFOPLIST_KEY_UIApplicationSupportsIndirectInputEvents[sdk=iphoneos*]" = YES;
				"INFOPLIST_KEY_UIApplicationSupportsIndirectInputEvents[sdk=iphonesimulator*]" = YES;
				"INFOPLIST_KEY_UILaunchScreen_Generation[sdk=iphoneos*]" = YES;
				"INFOPLIST_KEY_UILaunchScreen_Generation[sdk=iphonesimulator*]" = YES;
				"INFOPLIST_KEY_UIStatusBarStyle[sdk=iphoneos*]" = UIStatusBarStyleDefault;
				"INFOPLIST_KEY_UIStatusBarStyle[sdk=iphonesimulator*]" = UIStatusBarStyleDefault;
				INFOPLIST_KEY_UISupportedInterfaceOrientations_iPad = "UIInterfaceOrientationPortrait UIInterfaceOrientationPortraitUpsideDown UIInterfaceOrientationLandscapeLeft UIInterfaceOrientationLandscapeRight";
				INFOPLIST_KEY_UISupportedInterfaceOrientations_iPhone = "UIInterfaceOrientationPortrait UIInterfaceOrientationLandscapeLeft UIInterfaceOrientationLandscapeRight";
				IPHONEOS_DEPLOYMENT_TARGET = 17.5;
				LD_RUNPATH_SEARCH_PATHS = "@executable_path/Frameworks";
				"LD_RUNPATH_SEARCH_PATHS[sdk=macosx*]" = "@executable_path/../Frameworks";
				MACOSX_DEPLOYMENT_TARGET = 14.5;
				MARKETING_VERSION = 1.0;
				PRODUCT_BUNDLE_IDENTIFIER = com.markhinojosa.Momentive;
				PRODUCT_NAME = "$(TARGET_NAME)";
				SDKROOT = auto;
				SUPPORTED_PLATFORMS = "iphoneos iphonesimulator macosx";
				SWIFT_EMIT_LOC_STRINGS = YES;
				SWIFT_VERSION = 5.0;
				TARGETED_DEVICE_FAMILY = "1,2";
			};
			name = Debug;
		};
		05D91CC32C91240B00D4B3A7 /* Release */ = {
			isa = XCBuildConfiguration;
			buildSettings = {
				ASSETCATALOG_COMPILER_APPICON_NAME = AppIcon;
				ASSETCATALOG_COMPILER_GLOBAL_ACCENT_COLOR_NAME = AccentColor;
				CODE_SIGN_ENTITLEMENTS = Momentive/Momentive.entitlements;
				CODE_SIGN_STYLE = Automatic;
				CURRENT_PROJECT_VERSION = 1;
				DEVELOPMENT_ASSET_PATHS = "\"Momentive/Preview Content\"";
				DEVELOPMENT_TEAM = V8X3GYRTNK;
				ENABLE_HARDENED_RUNTIME = YES;
				ENABLE_PREVIEWS = YES;
				GENERATE_INFOPLIST_FILE = YES;
				"INFOPLIST_KEY_UIApplicationSceneManifest_Generation[sdk=iphoneos*]" = YES;
				"INFOPLIST_KEY_UIApplicationSceneManifest_Generation[sdk=iphonesimulator*]" = YES;
				"INFOPLIST_KEY_UIApplicationSupportsIndirectInputEvents[sdk=iphoneos*]" = YES;
				"INFOPLIST_KEY_UIApplicationSupportsIndirectInputEvents[sdk=iphonesimulator*]" = YES;
				"INFOPLIST_KEY_UILaunchScreen_Generation[sdk=iphoneos*]" = YES;
				"INFOPLIST_KEY_UILaunchScreen_Generation[sdk=iphonesimulator*]" = YES;
				"INFOPLIST_KEY_UIStatusBarStyle[sdk=iphoneos*]" = UIStatusBarStyleDefault;
				"INFOPLIST_KEY_UIStatusBarStyle[sdk=iphonesimulator*]" = UIStatusBarStyleDefault;
				INFOPLIST_KEY_UISupportedInterfaceOrientations_iPad = "UIInterfaceOrientationPortrait UIInterfaceOrientationPortraitUpsideDown UIInterfaceOrientationLandscapeLeft UIInterfaceOrientationLandscapeRight";
				INFOPLIST_KEY_UISupportedInterfaceOrientations_iPhone = "UIInterfaceOrientationPortrait UIInterfaceOrientationLandscapeLeft UIInterfaceOrientationLandscapeRight";
				IPHONEOS_DEPLOYMENT_TARGET = 17.5;
				LD_RUNPATH_SEARCH_PATHS = "@executable_path/Frameworks";
				"LD_RUNPATH_SEARCH_PATHS[sdk=macosx*]" = "@executable_path/../Frameworks";
				MACOSX_DEPLOYMENT_TARGET = 14.5;
				MARKETING_VERSION = 1.0;
				PRODUCT_BUNDLE_IDENTIFIER = com.markhinojosa.Momentive;
				PRODUCT_NAME = "$(TARGET_NAME)";
				SDKROOT = auto;
				SUPPORTED_PLATFORMS = "iphoneos iphonesimulator macosx";
				SWIFT_EMIT_LOC_STRINGS = YES;
				SWIFT_VERSION = 5.0;
				TARGETED_DEVICE_FAMILY = "1,2";
			};
			name = Release;
		};
		05D91CC52C91240B00D4B3A7 /* Debug */ = {
			isa = XCBuildConfiguration;
			buildSettings = {
				ALWAYS_EMBED_SWIFT_STANDARD_LIBRARIES = YES;
				BUNDLE_LOADER = "$(TEST_HOST)";
				CODE_SIGN_STYLE = Automatic;
				CURRENT_PROJECT_VERSION = 1;
				DEVELOPMENT_TEAM = V8X3GYRTNK;
				GENERATE_INFOPLIST_FILE = YES;
				IPHONEOS_DEPLOYMENT_TARGET = 17.5;
				MACOSX_DEPLOYMENT_TARGET = 14.5;
				MARKETING_VERSION = 1.0;
				PRODUCT_BUNDLE_IDENTIFIER = com.markhinojosa.MomentiveTests;
				PRODUCT_NAME = "$(TARGET_NAME)";
				SDKROOT = auto;
				SUPPORTED_PLATFORMS = "iphoneos iphonesimulator macosx";
				SWIFT_EMIT_LOC_STRINGS = NO;
				SWIFT_VERSION = 5.0;
				TARGETED_DEVICE_FAMILY = "1,2";
				TEST_HOST = "$(BUILT_PRODUCTS_DIR)/Momentive.app/$(BUNDLE_EXECUTABLE_FOLDER_PATH)/Momentive";
			};
			name = Debug;
		};
		05D91CC62C91240B00D4B3A7 /* Release */ = {
			isa = XCBuildConfiguration;
			buildSettings = {
				ALWAYS_EMBED_SWIFT_STANDARD_LIBRARIES = YES;
				BUNDLE_LOADER = "$(TEST_HOST)";
				CODE_SIGN_STYLE = Automatic;
				CURRENT_PROJECT_VERSION = 1;
				DEVELOPMENT_TEAM = V8X3GYRTNK;
				GENERATE_INFOPLIST_FILE = YES;
				IPHONEOS_DEPLOYMENT_TARGET = 17.5;
				MACOSX_DEPLOYMENT_TARGET = 14.5;
				MARKETING_VERSION = 1.0;
				PRODUCT_BUNDLE_IDENTIFIER = com.markhinojosa.MomentiveTests;
				PRODUCT_NAME = "$(TARGET_NAME)";
				SDKROOT = auto;
				SUPPORTED_PLATFORMS = "iphoneos iphonesimulator macosx";
				SWIFT_EMIT_LOC_STRINGS = NO;
				SWIFT_VERSION = 5.0;
				TARGETED_DEVICE_FAMILY = "1,2";
				TEST_HOST = "$(BUILT_PRODUCTS_DIR)/Momentive.app/$(BUNDLE_EXECUTABLE_FOLDER_PATH)/Momentive";
			};
			name = Release;
		};
		05D91CC82C91240B00D4B3A7 /* Debug */ = {
			isa = XCBuildConfiguration;
			buildSettings = {
				ALWAYS_EMBED_SWIFT_STANDARD_LIBRARIES = YES;
				CODE_SIGN_STYLE = Automatic;
				CURRENT_PROJECT_VERSION = 1;
				DEVELOPMENT_TEAM = V8X3GYRTNK;
				GENERATE_INFOPLIST_FILE = YES;
				IPHONEOS_DEPLOYMENT_TARGET = 17.5;
				MACOSX_DEPLOYMENT_TARGET = 14.5;
				MARKETING_VERSION = 1.0;
				PRODUCT_BUNDLE_IDENTIFIER = com.markhinojosa.MomentiveUITests;
				PRODUCT_NAME = "$(TARGET_NAME)";
				SDKROOT = auto;
				SUPPORTED_PLATFORMS = "iphoneos iphonesimulator macosx";
				SWIFT_EMIT_LOC_STRINGS = NO;
				SWIFT_VERSION = 5.0;
				TARGETED_DEVICE_FAMILY = "1,2";
				TEST_TARGET_NAME = Momentive;
			};
			name = Debug;
		};
		05D91CC92C91240B00D4B3A7 /* Release */ = {
			isa = XCBuildConfiguration;
			buildSettings = {
				ALWAYS_EMBED_SWIFT_STANDARD_LIBRARIES = YES;
				CODE_SIGN_STYLE = Automatic;
				CURRENT_PROJECT_VERSION = 1;
				DEVELOPMENT_TEAM = V8X3GYRTNK;
				GENERATE_INFOPLIST_FILE = YES;
				IPHONEOS_DEPLOYMENT_TARGET = 17.5;
				MACOSX_DEPLOYMENT_TARGET = 14.5;
				MARKETING_VERSION = 1.0;
				PRODUCT_BUNDLE_IDENTIFIER = com.markhinojosa.MomentiveUITests;
				PRODUCT_NAME = "$(TARGET_NAME)";
				SDKROOT = auto;
				SUPPORTED_PLATFORMS = "iphoneos iphonesimulator macosx";
				SWIFT_EMIT_LOC_STRINGS = NO;
				SWIFT_VERSION = 5.0;
				TARGETED_DEVICE_FAMILY = "1,2";
				TEST_TARGET_NAME = Momentive;
			};
			name = Release;
		};
/* End XCBuildConfiguration section */

/* Begin XCConfigurationList section */
		05D91C922C91240A00D4B3A7 /* Build configuration list for PBXProject "Momentive" */ = {
			isa = XCConfigurationList;
			buildConfigurations = (
				05D91CBF2C91240B00D4B3A7 /* Debug */,
				05D91CC02C91240B00D4B3A7 /* Release */,
			);
			defaultConfigurationIsVisible = 0;
			defaultConfigurationName = Release;
		};
		05D91CC12C91240B00D4B3A7 /* Build configuration list for PBXNativeTarget "Momentive" */ = {
			isa = XCConfigurationList;
			buildConfigurations = (
				05D91CC22C91240B00D4B3A7 /* Debug */,
				05D91CC32C91240B00D4B3A7 /* Release */,
			);
			defaultConfigurationIsVisible = 0;
			defaultConfigurationName = Release;
		};
		05D91CC42C91240B00D4B3A7 /* Build configuration list for PBXNativeTarget "MomentiveTests" */ = {
			isa = XCConfigurationList;
			buildConfigurations = (
				05D91CC52C91240B00D4B3A7 /* Debug */,
				05D91CC62C91240B00D4B3A7 /* Release */,
			);
			defaultConfigurationIsVisible = 0;
			defaultConfigurationName = Release;
		};
		05D91CC72C91240B00D4B3A7 /* Build configuration list for PBXNativeTarget "MomentiveUITests" */ = {
			isa = XCConfigurationList;
			buildConfigurations = (
				05D91CC82C91240B00D4B3A7 /* Debug */,
				05D91CC92C91240B00D4B3A7 /* Release */,
			);
			defaultConfigurationIsVisible = 0;
			defaultConfigurationName = Release;
		};
/* End XCConfigurationList section */

/* Begin XCVersionGroup section */
		05D91C9E2C91240A00D4B3A7 /* Momentive.xcdatamodeld */ = {
			isa = XCVersionGroup;
			children = (
				05D91C9F2C91240A00D4B3A7 /* Momentive.xcdatamodel */,
			);
			currentVersion = 05D91C9F2C91240A00D4B3A7 /* Momentive.xcdatamodel */;
			path = Momentive.xcdatamodeld;
			sourceTree = "<group>";
			versionGroupType = wrapper.xcdatamodel;
		};
/* End XCVersionGroup section */
	};
	rootObject = 05D91C8F2C91240A00D4B3A7 /* Project object */;
}
